
Microsoft Visual Studio Solution File, Format Version 12.00
# Visual Studio Version 16
VisualStudioVersion = 16.0.28803.352
MinimumVisualStudioVersion = 10.0.40219.1
Project("{FAE04EC0-301F-11D3-BF4B-00C04F79EFBC}") = "ManyMethods", "ManyMethods\ManyMethods.csproj", "{9BDCCD37-6020-489E-8B4C-FF70AE1436FE}"
EndProject
Project("{FAE04EC0-301F-11D3-BF4B-00C04F79EFBC}") = "PigLatin", "PigLatin\PigLatin.csproj", "{9C8F9CDD-14A5-43A0-B581-DC419612A95A}"
EndProject
Project("{FAE04EC0-301F-11D3-BF4B-00C04F79EFBC}") = "TicTacToe2", "TicTacToe2\TicTacToe2.csproj", "{0207047E-0B70-45CA-9A45-04A5A733AAAE}"
EndProject
Project("{FAE04EC0-301F-11D3-BF4B-00C04F79EFBC}") = "RockPaperScissors", "RockPaperScissors\RockPaperScissors.csproj", "{A6490C61-F4B1-451E-B0E8-F9ABA1967489}"
EndProject
Project("{FAE04EC0-301F-11D3-BF4B-00C04F79EFBC}") = "MasterMind", "MasterMind\MasterMind.csproj", "{F47B584C-C56C-4767-B425-E1C91387D0FD}"
EndProject
Project("{9A19103F-16F7-4668-BE54-9A1E7A4F7556}") = "BooksInventory", "BooksInventory\BooksInventory.csproj", "{D0A93552-138E-4074-84F2-44DE8A6E51A6}"
EndProject
Project("{FAE04EC0-301F-11D3-BF4B-00C04F79EFBC}") = "SuperHero", "SuperHero\SuperHero.csproj", "{07AB85E4-7B19-4118-889A-810FE8A1A400}"
EndProject
Project("{FAE04EC0-301F-11D3-BF4B-00C04F79EFBC}") = "CarLot2", "CarLot2\CarLot2.csproj", "{B3C1431F-A0B9-4933-99F7-DC2A0FA62559}"
EndProject
Project("{FAE04EC0-301F-11D3-BF4B-00C04F79EFBC}") = "Checkers", "Checkers\Checkers.csproj", "{C28EC880-5BB6-4127-82DD-CDFEBD374AF4}"
EndProject
Project("{FAE04EC0-301F-11D3-BF4B-00C04F79EFBC}") = "Guidebook", "Guidebook\Guidebook.csproj", "{46698A00-0617-4B80-A6B7-528F1605F71C}"
EndProject
Project("{FAE04EC0-301F-11D3-BF4B-00C04F79EFBC}") = "Inventory", "Inventory\Inventory.csproj", "{5BF38B46-3CDC-4A84-9966-BE84138C1FC4}"
EndProject
Project("{FAE04EC0-301F-11D3-BF4B-00C04F79EFBC}") = "MasterMind2", "MasterMind2\MasterMind2.csproj", "{40A9F3D1-7423-4CB5-ADCF-4A9D9DA17406}"
EndProject
Project("{FAE04EC0-301F-11D3-BF4B-00C04F79EFBC}") = "PoCos", "PoCos\PoCos.csproj", "{521C9E38-378D-45DA-B582-42774314DDB6}"
EndProject
Project("{FAE04EC0-301F-11D3-BF4B-00C04F79EFBC}") = "Points", "Points\Points.csproj", "{D3EBCB79-A575-46F5-B945-C9A8163E9683}"
EndProject
Project("{FAE04EC0-301F-11D3-BF4B-00C04F79EFBC}") = "ToDoItem", "ToDoItem\ToDoItem.csproj", "{21B9B6BA-F1B7-4B70-99D9-E01EE61ECED8}"
EndProject
Project("{FAE04EC0-301F-11D3-BF4B-00C04F79EFBC}") = "TowersOfHanoi2", "TowersOfHanoi2\TowersOfHanoi2.csproj", "{B1C32D40-3E07-4B8F-9AEE-FB8DAD5C2CFF}"
EndProject
Global
	GlobalSection(SolutionConfigurationPlatforms) = preSolution
		Debug|Any CPU = Debug|Any CPU
		Release|Any CPU = Release|Any CPU
	EndGlobalSection
	GlobalSection(ProjectConfigurationPlatforms) = postSolution
		{9BDCCD37-6020-489E-8B4C-FF70AE1436FE}.Debug|Any CPU.ActiveCfg = Debug|Any CPU
		{9BDCCD37-6020-489E-8B4C-FF70AE1436FE}.Debug|Any CPU.Build.0 = Debug|Any CPU
		{9BDCCD37-6020-489E-8B4C-FF70AE1436FE}.Release|Any CPU.ActiveCfg = Release|Any CPU
		{9BDCCD37-6020-489E-8B4C-FF70AE1436FE}.Release|Any CPU.Build.0 = Release|Any CPU
		{9C8F9CDD-14A5-43A0-B581-DC419612A95A}.Debug|Any CPU.ActiveCfg = Debug|Any CPU
		{9C8F9CDD-14A5-43A0-B581-DC419612A95A}.Debug|Any CPU.Build.0 = Debug|Any CPU
		{9C8F9CDD-14A5-43A0-B581-DC419612A95A}.Release|Any CPU.ActiveCfg = Release|Any CPU
		{9C8F9CDD-14A5-43A0-B581-DC419612A95A}.Release|Any CPU.Build.0 = Release|Any CPU
		{0207047E-0B70-45CA-9A45-04A5A733AAAE}.Debug|Any CPU.ActiveCfg = Debug|Any CPU
		{0207047E-0B70-45CA-9A45-04A5A733AAAE}.Debug|Any CPU.Build.0 = Debug|Any CPU
		{0207047E-0B70-45CA-9A45-04A5A733AAAE}.Release|Any CPU.ActiveCfg = Release|Any CPU
		{0207047E-0B70-45CA-9A45-04A5A733AAAE}.Release|Any CPU.Build.0 = Release|Any CPU
		{A6490C61-F4B1-451E-B0E8-F9ABA1967489}.Debug|Any CPU.ActiveCfg = Debug|Any CPU
		{A6490C61-F4B1-451E-B0E8-F9ABA1967489}.Debug|Any CPU.Build.0 = Debug|Any CPU
		{A6490C61-F4B1-451E-B0E8-F9ABA1967489}.Release|Any CPU.ActiveCfg = Release|Any CPU
		{A6490C61-F4B1-451E-B0E8-F9ABA1967489}.Release|Any CPU.Build.0 = Release|Any CPU
		{F47B584C-C56C-4767-B425-E1C91387D0FD}.Debug|Any CPU.ActiveCfg = Debug|Any CPU
		{F47B584C-C56C-4767-B425-E1C91387D0FD}.Debug|Any CPU.Build.0 = Debug|Any CPU
		{F47B584C-C56C-4767-B425-E1C91387D0FD}.Release|Any CPU.ActiveCfg = Release|Any CPU
		{F47B584C-C56C-4767-B425-E1C91387D0FD}.Release|Any CPU.Build.0 = Release|Any CPU
		{D0A93552-138E-4074-84F2-44DE8A6E51A6}.Debug|Any CPU.ActiveCfg = Debug|Any CPU
		{D0A93552-138E-4074-84F2-44DE8A6E51A6}.Debug|Any CPU.Build.0 = Debug|Any CPU
		{D0A93552-138E-4074-84F2-44DE8A6E51A6}.Release|Any CPU.ActiveCfg = Release|Any CPU
		{D0A93552-138E-4074-84F2-44DE8A6E51A6}.Release|Any CPU.Build.0 = Release|Any CPU
		{07AB85E4-7B19-4118-889A-810FE8A1A400}.Debug|Any CPU.ActiveCfg = Debug|Any CPU
		{07AB85E4-7B19-4118-889A-810FE8A1A400}.Debug|Any CPU.Build.0 = Debug|Any CPU
		{07AB85E4-7B19-4118-889A-810FE8A1A400}.Release|Any CPU.ActiveCfg = Release|Any CPU
		{07AB85E4-7B19-4118-889A-810FE8A1A400}.Release|Any CPU.Build.0 = Release|Any CPU
		{B3C1431F-A0B9-4933-99F7-DC2A0FA62559}.Debug|Any CPU.ActiveCfg = Debug|Any CPU
		{B3C1431F-A0B9-4933-99F7-DC2A0FA62559}.Debug|Any CPU.Build.0 = Debug|Any CPU
		{B3C1431F-A0B9-4933-99F7-DC2A0FA62559}.Release|Any CPU.ActiveCfg = Release|Any CPU
		{B3C1431F-A0B9-4933-99F7-DC2A0FA62559}.Release|Any CPU.Build.0 = Release|Any CPU
		{C28EC880-5BB6-4127-82DD-CDFEBD374AF4}.Debug|Any CPU.ActiveCfg = Debug|Any CPU
		{C28EC880-5BB6-4127-82DD-CDFEBD374AF4}.Debug|Any CPU.Build.0 = Debug|Any CPU
		{C28EC880-5BB6-4127-82DD-CDFEBD374AF4}.Release|Any CPU.ActiveCfg = Release|Any CPU
		{C28EC880-5BB6-4127-82DD-CDFEBD374AF4}.Release|Any CPU.Build.0 = Release|Any CPU
		{46698A00-0617-4B80-A6B7-528F1605F71C}.Debug|Any CPU.ActiveCfg = Debug|Any CPU
		{46698A00-0617-4B80-A6B7-528F1605F71C}.Debug|Any CPU.Build.0 = Debug|Any CPU
		{46698A00-0617-4B80-A6B7-528F1605F71C}.Release|Any CPU.ActiveCfg = Release|Any CPU
		{46698A00-0617-4B80-A6B7-528F1605F71C}.Release|Any CPU.Build.0 = Release|Any CPU
		{5BF38B46-3CDC-4A84-9966-BE84138C1FC4}.Debug|Any CPU.ActiveCfg = Debug|Any CPU
		{5BF38B46-3CDC-4A84-9966-BE84138C1FC4}.Debug|Any CPU.Build.0 = Debug|Any CPU
		{5BF38B46-3CDC-4A84-9966-BE84138C1FC4}.Release|Any CPU.ActiveCfg = Release|Any CPU
		{5BF38B46-3CDC-4A84-9966-BE84138C1FC4}.Release|Any CPU.Build.0 = Release|Any CPU
		{40A9F3D1-7423-4CB5-ADCF-4A9D9DA17406}.Debug|Any CPU.ActiveCfg = Debug|Any CPU
		{40A9F3D1-7423-4CB5-ADCF-4A9D9DA17406}.Debug|Any CPU.Build.0 = Debug|Any CPU
		{40A9F3D1-7423-4CB5-ADCF-4A9D9DA17406}.Release|Any CPU.ActiveCfg = Release|Any CPU
		{40A9F3D1-7423-4CB5-ADCF-4A9D9DA17406}.Release|Any CPU.Build.0 = Release|Any CPU
		{521C9E38-378D-45DA-B582-42774314DDB6}.Debug|Any CPU.ActiveCfg = Debug|Any CPU
		{521C9E38-378D-45DA-B582-42774314DDB6}.Debug|Any CPU.Build.0 = Debug|Any CPU
		{521C9E38-378D-45DA-B582-42774314DDB6}.Release|Any CPU.ActiveCfg = Release|Any CPU
		{521C9E38-378D-45DA-B582-42774314DDB6}.Release|Any CPU.Build.0 = Release|Any CPU
		{D3EBCB79-A575-46F5-B945-C9A8163E9683}.Debug|Any CPU.ActiveCfg = Debug|Any CPU
		{D3EBCB79-A575-46F5-B945-C9A8163E9683}.Debug|Any CPU.Build.0 = Debug|Any CPU
		{D3EBCB79-A575-46F5-B945-C9A8163E9683}.Release|Any CPU.ActiveCfg = Release|Any CPU
		{D3EBCB79-A575-46F5-B945-C9A8163E9683}.Release|Any CPU.Build.0 = Release|Any CPU
		{21B9B6BA-F1B7-4B70-99D9-E01EE61ECED8}.Debug|Any CPU.ActiveCfg = Debug|Any CPU
		{21B9B6BA-F1B7-4B70-99D9-E01EE61ECED8}.Debug|Any CPU.Build.0 = Debug|Any CPU
		{21B9B6BA-F1B7-4B70-99D9-E01EE61ECED8}.Release|Any CPU.ActiveCfg = Release|Any CPU
		{21B9B6BA-F1B7-4B70-99D9-E01EE61ECED8}.Release|Any CPU.Build.0 = Release|Any CPU
		{B1C32D40-3E07-4B8F-9AEE-FB8DAD5C2CFF}.Debug|Any CPU.ActiveCfg = Debug|Any CPU
		{B1C32D40-3E07-4B8F-9AEE-FB8DAD5C2CFF}.Debug|Any CPU.Build.0 = Debug|Any CPU
		{B1C32D40-3E07-4B8F-9AEE-FB8DAD5C2CFF}.Release|Any CPU.ActiveCfg = Release|Any CPU
		{B1C32D40-3E07-4B8F-9AEE-FB8DAD5C2CFF}.Release|Any CPU.Build.0 = Release|Any CPU
	EndGlobalSection
	GlobalSection(SolutionProperties) = preSolution
		HideSolutionNode = FALSE
	EndGlobalSection
	GlobalSection(ExtensibilityGlobals) = postSolution
		SolutionGuid = {B1B4D7DD-F471-4CCD-8852-F0DB995C00D5}
	EndGlobalSection
EndGlobal
